
Microsoft Visual Studio Solution File, Format Version 12.00
# Visual Studio Version 16
VisualStudioVersion = 16.0.30523.141
MinimumVisualStudioVersion = 10.0.40219.1
Project("{9A19103F-16F7-4668-BE54-9A1E7A4F7556}") = "Website", "Website.csproj", "{63C52CA2-FE16-453D-8745-9C138E0F712F}"
EndProject
Global
	GlobalSection(SolutionConfigurationPlatforms) = preSolution
		Debug|Any CPU = Debug|Any CPU
		Release|Any CPU = Release|Any CPU
	EndGlobalSection
	GlobalSection(ProjectConfigurationPlatforms) = postSolution
		{63C52CA2-FE16-453D-8745-9C138E0F712F}.Debug|Any CPU.ActiveCfg = Debug|Any CPU
		{63C52CA2-FE16-453D-8745-9C138E0F712F}.Debug|Any CPU.Build.0 = Debug|Any CPU
		{63C52CA2-FE16-453D-8745-9C138E0F712F}.Release|Any CPU.ActiveCfg = Release|Any CPU
		{63C52CA2-FE16-453D-8745-9C138E0F712F}.Release|Any CPU.Build.0 = Release|Any CPU
	EndGlobalSection
	GlobalSection(SolutionProperties) = preSolution
		HideSolutionNode = FALSE
	EndGlobalSection
	GlobalSection(ExtensibilityGlobals) = postSolution
		SolutionGuid = {0F0AB54D-8476-4939-85D4-4C632878EA79}
	EndGlobalSection
EndGlobal
